
Microsoft Visual Studio Solution File, Format Version 12.00
# Visual Studio Version 16
VisualStudioVersion = 16.0.30114.105
MinimumVisualStudioVersion = 10.0.40219.1
Project("{FAE04EC0-301F-11D3-BF4B-00C04F79EFBC}") = "BuberBreakfast", "BuberBreakfast\BuberBreakfast.csproj", "{42B388C2-92FF-46ED-92DB-6195B98848CF}"
EndProject
Project("{FAE04EC0-301F-11D3-BF4B-00C04F79EFBC}") = "BuberBreakfast.Contracts", "BuberBreakfast.Contracts\BuberBreakfast.Contracts.csproj", "{75960565-65F4-4794-9A47-4A06D1F526DE}"
EndProject
Global
	GlobalSection(SolutionConfigurationPlatforms) = preSolution
		Debug|Any CPU = Debug|Any CPU
		Release|Any CPU = Release|Any CPU
	EndGlobalSection
	GlobalSection(SolutionProperties) = preSolution
		HideSolutionNode = FALSE
	EndGlobalSection
	GlobalSection(ProjectConfigurationPlatforms) = postSolution
		{42B388C2-92FF-46ED-92DB-6195B98848CF}.Debug|Any CPU.ActiveCfg = Debug|Any CPU
		{42B388C2-92FF-46ED-92DB-6195B98848CF}.Debug|Any CPU.Build.0 = Debug|Any CPU
		{42B388C2-92FF-46ED-92DB-6195B98848CF}.Release|Any CPU.ActiveCfg = Release|Any CPU
		{42B388C2-92FF-46ED-92DB-6195B98848CF}.Release|Any CPU.Build.0 = Release|Any CPU
		{75960565-65F4-4794-9A47-4A06D1F526DE}.Debug|Any CPU.ActiveCfg = Debug|Any CPU
		{75960565-65F4-4794-9A47-4A06D1F526DE}.Debug|Any CPU.Build.0 = Debug|Any CPU
		{75960565-65F4-4794-9A47-4A06D1F526DE}.Release|Any CPU.ActiveCfg = Release|Any CPU
		{75960565-65F4-4794-9A47-4A06D1F526DE}.Release|Any CPU.Build.0 = Release|Any CPU
	EndGlobalSection
EndGlobal
